// !$*UTF8*$!
{
	archiveVersion = 1;
	classes = {
	};
	objectVersion = 46;
	objects = {

/* Begin PBXBuildFile section */
		3F0A13C219A375F400D98CC7 /* Foundation.framework in Frameworks */ = {isa = PBXBuildFile; fileRef = 3F0A13C119A375F400D98CC7 /* Foundation.framework */; };
		3F0A13C419A375F400D98CC7 /* CoreGraphics.framework in Frameworks */ = {isa = PBXBuildFile; fileRef = 3F0A13C319A375F400D98CC7 /* CoreGraphics.framework */; };
		3F0A13C619A375F400D98CC7 /* UIKit.framework in Frameworks */ = {isa = PBXBuildFile; fileRef = 3F0A13C519A375F400D98CC7 /* UIKit.framework */; };
		3F0A13CC19A375F400D98CC7 /* InfoPlist.strings in Resources */ = {isa = PBXBuildFile; fileRef = 3F0A13CA19A375F400D98CC7 /* InfoPlist.strings */; };
		3F0A13CE19A375F400D98CC7 /* main.m in Sources */ = {isa = PBXBuildFile; fileRef = 3F0A13CD19A375F400D98CC7 /* main.m */; };
		3F0A13D219A375F400D98CC7 /* STNAppDelegate.m in Sources */ = {isa = PBXBuildFile; fileRef = 3F0A13D119A375F400D98CC7 /* STNAppDelegate.m */; };
		3F0A13D419A375F400D98CC7 /* Images.xcassets in Resources */ = {isa = PBXBuildFile; fileRef = 3F0A13D319A375F400D98CC7 /* Images.xcassets */; };
		3F0A13DB19A375F400D98CC7 /* XCTest.framework in Frameworks */ = {isa = PBXBuildFile; fileRef = 3F0A13DA19A375F400D98CC7 /* XCTest.framework */; };
		3F0A13DC19A375F400D98CC7 /* Foundation.framework in Frameworks */ = {isa = PBXBuildFile; fileRef = 3F0A13C119A375F400D98CC7 /* Foundation.framework */; };
		3F0A13DD19A375F400D98CC7 /* UIKit.framework in Frameworks */ = {isa = PBXBuildFile; fileRef = 3F0A13C519A375F400D98CC7 /* UIKit.framework */; };
		3F81210619A3779C00FA6DF7 /* STNHomeViewController.m in Sources */ = {isa = PBXBuildFile; fileRef = 3F81210519A3779C00FA6DF7 /* STNHomeViewController.m */; };
		46274014C7304A7389E700C3 /* libPods.a in Frameworks */ = {isa = PBXBuildFile; fileRef = 740ECFD7EAF1411B8C120E31 /* libPods.a */; };
/* End PBXBuildFile section */

/* Begin PBXContainerItemProxy section */
		3F0A13DE19A375F400D98CC7 /* PBXContainerItemProxy */ = {
			isa = PBXContainerItemProxy;
			containerPortal = 3F0A13B619A375F400D98CC7 /* Project object */;
			proxyType = 1;
			remoteGlobalIDString = 3F0A13BD19A375F400D98CC7;
			remoteInfo = Staunton;
		};
/* End PBXContainerItemProxy section */

/* Begin PBXFileReference section */
		3F0A13BE19A375F400D98CC7 /* Staunton.app */ = {isa = PBXFileReference; explicitFileType = wrapper.application; includeInIndex = 0; path = Staunton.app; sourceTree = BUILT_PRODUCTS_DIR; };
		3F0A13C119A375F400D98CC7 /* Foundation.framework */ = {isa = PBXFileReference; lastKnownFileType = wrapper.framework; name = Foundation.framework; path = System/Library/Frameworks/Foundation.framework; sourceTree = SDKROOT; };
		3F0A13C319A375F400D98CC7 /* CoreGraphics.framework */ = {isa = PBXFileReference; lastKnownFileType = wrapper.framework; name = CoreGraphics.framework; path = System/Library/Frameworks/CoreGraphics.framework; sourceTree = SDKROOT; };
		3F0A13C519A375F400D98CC7 /* UIKit.framework */ = {isa = PBXFileReference; lastKnownFileType = wrapper.framework; name = UIKit.framework; path = System/Library/Frameworks/UIKit.framework; sourceTree = SDKROOT; };
		3F0A13C919A375F400D98CC7 /* Staunton-Info.plist */ = {isa = PBXFileReference; lastKnownFileType = text.plist.xml; path = "Staunton-Info.plist"; sourceTree = "<group>"; };
		3F0A13CB19A375F400D98CC7 /* en */ = {isa = PBXFileReference; lastKnownFileType = text.plist.strings; name = en; path = en.lproj/InfoPlist.strings; sourceTree = "<group>"; };
		3F0A13CD19A375F400D98CC7 /* main.m */ = {isa = PBXFileReference; lastKnownFileType = sourcecode.c.objc; path = main.m; sourceTree = "<group>"; };
		3F0A13CF19A375F400D98CC7 /* Staunton-Prefix.pch */ = {isa = PBXFileReference; lastKnownFileType = sourcecode.c.h; path = "Staunton-Prefix.pch"; sourceTree = "<group>"; };
		3F0A13D019A375F400D98CC7 /* STNAppDelegate.h */ = {isa = PBXFileReference; lastKnownFileType = sourcecode.c.h; path = STNAppDelegate.h; sourceTree = "<group>"; };
		3F0A13D119A375F400D98CC7 /* STNAppDelegate.m */ = {isa = PBXFileReference; lastKnownFileType = sourcecode.c.objc; path = STNAppDelegate.m; sourceTree = "<group>"; };
		3F0A13D319A375F400D98CC7 /* Images.xcassets */ = {isa = PBXFileReference; lastKnownFileType = folder.assetcatalog; path = Images.xcassets; sourceTree = "<group>"; };
		3F0A13D919A375F400D98CC7 /* StauntonTests.xctest */ = {isa = PBXFileReference; explicitFileType = wrapper.cfbundle; includeInIndex = 0; path = StauntonTests.xctest; sourceTree = BUILT_PRODUCTS_DIR; };
		3F0A13DA19A375F400D98CC7 /* XCTest.framework */ = {isa = PBXFileReference; lastKnownFileType = wrapper.framework; name = XCTest.framework; path = Library/Frameworks/XCTest.framework; sourceTree = DEVELOPER_DIR; };
		3F81210419A3779C00FA6DF7 /* STNHomeViewController.h */ = {isa = PBXFileReference; fileEncoding = 4; lastKnownFileType = sourcecode.c.h; path = STNHomeViewController.h; sourceTree = "<group>"; };
		3F81210519A3779C00FA6DF7 /* STNHomeViewController.m */ = {isa = PBXFileReference; fileEncoding = 4; lastKnownFileType = sourcecode.c.objc; path = STNHomeViewController.m; sourceTree = "<group>"; };
		740ECFD7EAF1411B8C120E31 /* libPods.a */ = {isa = PBXFileReference; explicitFileType = archive.ar; includeInIndex = 0; path = libPods.a; sourceTree = BUILT_PRODUCTS_DIR; };
		B4FC5F0344C34E429470F492 /* Pods.xcconfig */ = {isa = PBXFileReference; includeInIndex = 1; lastKnownFileType = text.xcconfig; name = Pods.xcconfig; path = Pods/Pods.xcconfig; sourceTree = "<group>"; };
/* End PBXFileReference section */

/* Begin PBXFrameworksBuildPhase section */
		3F0A13BB19A375F400D98CC7 /* Frameworks */ = {
			isa = PBXFrameworksBuildPhase;
			buildActionMask = 2147483647;
			files = (
				3F0A13C419A375F400D98CC7 /* CoreGraphics.framework in Frameworks */,
				3F0A13C619A375F400D98CC7 /* UIKit.framework in Frameworks */,
				3F0A13C219A375F400D98CC7 /* Foundation.framework in Frameworks */,
				46274014C7304A7389E700C3 /* libPods.a in Frameworks */,
			);
			runOnlyForDeploymentPostprocessing = 0;
		};
		3F0A13D619A375F400D98CC7 /* Frameworks */ = {
			isa = PBXFrameworksBuildPhase;
			buildActionMask = 2147483647;
			files = (
				3F0A13DB19A375F400D98CC7 /* XCTest.framework in Frameworks */,
				3F0A13DD19A375F400D98CC7 /* UIKit.framework in Frameworks */,
				3F0A13DC19A375F400D98CC7 /* Foundation.framework in Frameworks */,
			);
			runOnlyForDeploymentPostprocessing = 0;
		};
/* End PBXFrameworksBuildPhase section */

/* Begin PBXGroup section */
		3F0A13B519A375F400D98CC7 = {
			isa = PBXGroup;
			children = (
				3F0A13C719A375F400D98CC7 /* Staunton */,
				3F0A13C019A375F400D98CC7 /* Frameworks */,
				3F0A13BF19A375F400D98CC7 /* Products */,
				B4FC5F0344C34E429470F492 /* Pods.xcconfig */,
			);
			sourceTree = "<group>";
		};
		3F0A13BF19A375F400D98CC7 /* Products */ = {
			isa = PBXGroup;
			children = (
				3F0A13BE19A375F400D98CC7 /* Staunton.app */,
				3F0A13D919A375F400D98CC7 /* StauntonTests.xctest */,
			);
			name = Products;
			sourceTree = "<group>";
		};
		3F0A13C019A375F400D98CC7 /* Frameworks */ = {
			isa = PBXGroup;
			children = (
				3F0A13C119A375F400D98CC7 /* Foundation.framework */,
				3F0A13C319A375F400D98CC7 /* CoreGraphics.framework */,
				3F0A13C519A375F400D98CC7 /* UIKit.framework */,
				3F0A13DA19A375F400D98CC7 /* XCTest.framework */,
				740ECFD7EAF1411B8C120E31 /* libPods.a */,
			);
			name = Frameworks;
			sourceTree = "<group>";
		};
		3F0A13C719A375F400D98CC7 /* Staunton */ = {
			isa = PBXGroup;
			children = (
				3F81210119A3774400FA6DF7 /* View Controllers */,
				3F0A13D019A375F400D98CC7 /* STNAppDelegate.h */,
				3F0A13D119A375F400D98CC7 /* STNAppDelegate.m */,
				3F0A13D319A375F400D98CC7 /* Images.xcassets */,
				3F0A13C819A375F400D98CC7 /* Supporting Files */,
			);
			path = Staunton;
			sourceTree = "<group>";
		};
		3F0A13C819A375F400D98CC7 /* Supporting Files */ = {
			isa = PBXGroup;
			children = (
				3F0A13C919A375F400D98CC7 /* Staunton-Info.plist */,
				3F0A13CA19A375F400D98CC7 /* InfoPlist.strings */,
				3F0A13CD19A375F400D98CC7 /* main.m */,
				3F0A13CF19A375F400D98CC7 /* Staunton-Prefix.pch */,
			);
			name = "Supporting Files";
			sourceTree = "<group>";
		};
		3F81210119A3774400FA6DF7 /* View Controllers */ = {
			isa = PBXGroup;
			children = (
				3F81210419A3779C00FA6DF7 /* STNHomeViewController.h */,
				3F81210519A3779C00FA6DF7 /* STNHomeViewController.m */,
			);
			name = "View Controllers";
			sourceTree = "<group>";
		};
/* End PBXGroup section */

/* Begin PBXNativeTarget section */
		3F0A13BD19A375F400D98CC7 /* Staunton */ = {
			isa = PBXNativeTarget;
			buildConfigurationList = 3F0A13EA19A375F400D98CC7 /* Build configuration list for PBXNativeTarget "Staunton" */;
			buildPhases = (
				FC1A4A7BAF4843F7905785F4 /* Check Pods Manifest.lock */,
				3F0A13BA19A375F400D98CC7 /* Sources */,
				3F0A13BB19A375F400D98CC7 /* Frameworks */,
				3F0A13BC19A375F400D98CC7 /* Resources */,
				64C40B2316164EE2A8F416FA /* Copy Pods Resources */,
			);
			buildRules = (
			);
			dependencies = (
			);
			name = Staunton;
			productName = Staunton;
			productReference = 3F0A13BE19A375F400D98CC7 /* Staunton.app */;
			productType = "com.apple.product-type.application";
		};
		3F0A13D819A375F400D98CC7 /* StauntonTests */ = {
			isa = PBXNativeTarget;
			buildConfigurationList = 3F0A13ED19A375F400D98CC7 /* Build configuration list for PBXNativeTarget "StauntonTests" */;
			buildPhases = (
				3F0A13D519A375F400D98CC7 /* Sources */,
				3F0A13D619A375F400D98CC7 /* Frameworks */,
				3F0A13D719A375F400D98CC7 /* Resources */,
			);
			buildRules = (
			);
			dependencies = (
				3F0A13DF19A375F400D98CC7 /* PBXTargetDependency */,
			);
			name = StauntonTests;
			productName = StauntonTests;
			productReference = 3F0A13D919A375F400D98CC7 /* StauntonTests.xctest */;
			productType = "com.apple.product-type.bundle.unit-test";
		};
/* End PBXNativeTarget section */

/* Begin PBXProject section */
		3F0A13B619A375F400D98CC7 /* Project object */ = {
			isa = PBXProject;
			attributes = {
				CLASSPREFIX = STN;
				LastUpgradeCheck = 0510;
				ORGANIZATIONNAME = trello;
				TargetAttributes = {
					3F0A13D819A375F400D98CC7 = {
						TestTargetID = 3F0A13BD19A375F400D98CC7;
					};
				};
			};
			buildConfigurationList = 3F0A13B919A375F400D98CC7 /* Build configuration list for PBXProject "Staunton" */;
			compatibilityVersion = "Xcode 3.2";
			developmentRegion = English;
			hasScannedForEncodings = 0;
			knownRegions = (
				en,
			);
			mainGroup = 3F0A13B519A375F400D98CC7;
			productRefGroup = 3F0A13BF19A375F400D98CC7 /* Products */;
			projectDirPath = "";
			projectRoot = "";
			targets = (
				3F0A13BD19A375F400D98CC7 /* Staunton */,
				3F0A13D819A375F400D98CC7 /* StauntonTests */,
			);
		};
/* End PBXProject section */

/* Begin PBXResourcesBuildPhase section */
		3F0A13BC19A375F400D98CC7 /* Resources */ = {
			isa = PBXResourcesBuildPhase;
			buildActionMask = 2147483647;
			files = (
				3F0A13CC19A375F400D98CC7 /* InfoPlist.strings in Resources */,
				3F0A13D419A375F400D98CC7 /* Images.xcassets in Resources */,
			);
			runOnlyForDeploymentPostprocessing = 0;
		};
		3F0A13D719A375F400D98CC7 /* Resources */ = {
			isa = PBXResourcesBuildPhase;
			buildActionMask = 2147483647;
			files = (
			);
			runOnlyForDeploymentPostprocessing = 0;
		};
/* End PBXResourcesBuildPhase section */

/* Begin PBXShellScriptBuildPhase section */
		64C40B2316164EE2A8F416FA /* Copy Pods Resources */ = {
			isa = PBXShellScriptBuildPhase;
			buildActionMask = 2147483647;
			files = (
			);
			inputPaths = (
			);
			name = "Copy Pods Resources";
			outputPaths = (
			);
			runOnlyForDeploymentPostprocessing = 0;
			shellPath = /bin/sh;
			shellScript = "\"${SRCROOT}/Pods/Pods-resources.sh\"\n";
			showEnvVarsInLog = 0;
		};
		FC1A4A7BAF4843F7905785F4 /* Check Pods Manifest.lock */ = {
			isa = PBXShellScriptBuildPhase;
			buildActionMask = 2147483647;
			files = (
			);
			inputPaths = (
			);
			name = "Check Pods Manifest.lock";
			outputPaths = (
			);
			runOnlyForDeploymentPostprocessing = 0;
			shellPath = /bin/sh;
			shellScript = "diff \"${PODS_ROOT}/../Podfile.lock\" \"${PODS_ROOT}/Manifest.lock\" > /dev/null\nif [[ $? != 0 ]] ; then\n    cat << EOM\nerror: The sandbox is not in sync with the Podfile.lock. Run 'pod install' or update your CocoaPods installation.\nEOM\n    exit 1\nfi\n";
			showEnvVarsInLog = 0;
		};
/* End PBXShellScriptBuildPhase section */

/* Begin PBXSourcesBuildPhase section */
		3F0A13BA19A375F400D98CC7 /* Sources */ = {
			isa = PBXSourcesBuildPhase;
			buildActionMask = 2147483647;
			files = (
				3F81210619A3779C00FA6DF7 /* STNHomeViewController.m in Sources */,
				3F0A13D219A375F400D98CC7 /* STNAppDelegate.m in Sources */,
				3F0A13CE19A375F400D98CC7 /* main.m in Sources */,
			);
			runOnlyForDeploymentPostprocessing = 0;
		};
		3F0A13D519A375F400D98CC7 /* Sources */ = {
			isa = PBXSourcesBuildPhase;
			buildActionMask = 2147483647;
			files = (
			);
			runOnlyForDeploymentPostprocessing = 0;
		};
/* End PBXSourcesBuildPhase section */

/* Begin PBXTargetDependency section */
		3F0A13DF19A375F400D98CC7 /* PBXTargetDependency */ = {
			isa = PBXTargetDependency;
			target = 3F0A13BD19A375F400D98CC7 /* Staunton */;
			targetProxy = 3F0A13DE19A375F400D98CC7 /* PBXContainerItemProxy */;
		};
/* End PBXTargetDependency section */

/* Begin PBXVariantGroup section */
		3F0A13CA19A375F400D98CC7 /* InfoPlist.strings */ = {
			isa = PBXVariantGroup;
			children = (
				3F0A13CB19A375F400D98CC7 /* en */,
			);
			name = InfoPlist.strings;
			sourceTree = "<group>";
		};
/* End PBXVariantGroup section */

/* Begin XCBuildConfiguration section */
		3F0A13E819A375F400D98CC7 /* Debug */ = {
			isa = XCBuildConfiguration;
			buildSettings = {
				ALWAYS_SEARCH_USER_PATHS = NO;
				CLANG_CXX_LANGUAGE_STANDARD = "gnu++0x";
				CLANG_CXX_LIBRARY = "libc++";
				CLANG_ENABLE_MODULES = YES;
				CLANG_ENABLE_OBJC_ARC = YES;
				CLANG_WARN_BOOL_CONVERSION = YES;
				CLANG_WARN_CONSTANT_CONVERSION = YES;
				CLANG_WARN_DIRECT_OBJC_ISA_USAGE = YES_ERROR;
				CLANG_WARN_EMPTY_BODY = YES;
				CLANG_WARN_ENUM_CONVERSION = YES;
				CLANG_WARN_INT_CONVERSION = YES;
				CLANG_WARN_OBJC_ROOT_CLASS = YES_ERROR;
				CLANG_WARN__DUPLICATE_METHOD_MATCH = YES;
				"CODE_SIGN_IDENTITY[sdk=iphoneos*]" = "iPhone Developer";
				COPY_PHASE_STRIP = NO;
				GCC_C_LANGUAGE_STANDARD = gnu99;
				GCC_DYNAMIC_NO_PIC = NO;
				GCC_OPTIMIZATION_LEVEL = 0;
				GCC_PREPROCESSOR_DEFINITIONS = (
					"DEBUG=1",
					"$(inherited)",
				);
				GCC_SYMBOLS_PRIVATE_EXTERN = NO;
				GCC_WARN_64_TO_32_BIT_CONVERSION = YES;
				GCC_WARN_ABOUT_RETURN_TYPE = YES_ERROR;
				GCC_WARN_UNDECLARED_SELECTOR = YES;
				GCC_WARN_UNINITIALIZED_AUTOS = YES_AGGRESSIVE;
				GCC_WARN_UNUSED_FUNCTION = YES;
				GCC_WARN_UNUSED_VARIABLE = YES;
				IPHONEOS_DEPLOYMENT_TARGET = 7.1;
				ONLY_ACTIVE_ARCH = YES;
				SDKROOT = iphoneos;
				TARGETED_DEVICE_FAMILY = "1,2";
			};
			name = Debug;
		};
		3F0A13E919A375F400D98CC7 /* Release */ = {
			isa = XCBuildConfiguration;
			buildSettings = {
				ALWAYS_SEARCH_USER_PATHS = NO;
				CLANG_CXX_LANGUAGE_STANDARD = "gnu++0x";
				CLANG_CXX_LIBRARY = "libc++";
				CLANG_ENABLE_MODULES = YES;
				CLANG_ENABLE_OBJC_ARC = YES;
				CLANG_WARN_BOOL_CONVERSION = YES;
				CLANG_WARN_CONSTANT_CONVERSION = YES;
				CLANG_WARN_DIRECT_OBJC_ISA_USAGE = YES_ERROR;
				CLANG_WARN_EMPTY_BODY = YES;
				CLANG_WARN_ENUM_CONVERSION = YES;
				CLANG_WARN_INT_CONVERSION = YES;
				CLANG_WARN_OBJC_ROOT_CLASS = YES_ERROR;
				CLANG_WARN__DUPLICATE_METHOD_MATCH = YES;
				"CODE_SIGN_IDENTITY[sdk=iphoneos*]" = "iPhone Developer";
				COPY_PHASE_STRIP = YES;
				ENABLE_NS_ASSERTIONS = NO;
				GCC_C_LANGUAGE_STANDARD = gnu99;
				GCC_WARN_64_TO_32_BIT_CONVERSION = YES;
				GCC_WARN_ABOUT_RETURN_TYPE = YES_ERROR;
				GCC_WARN_UNDECLARED_SELECTOR = YES;
				GCC_WARN_UNINITIALIZED_AUTOS = YES_AGGRESSIVE;
				GCC_WARN_UNUSED_FUNCTION = YES;
				GCC_WARN_UNUSED_VARIABLE = YES;
				IPHONEOS_DEPLOYMENT_TARGET = 7.1;
				SDKROOT = iphoneos;
				TARGETED_DEVICE_FAMILY = "1,2";
				VALIDATE_PRODUCT = YES;
			};
			name = Release;
		};
		3F0A13EB19A375F400D98CC7 /* Debug */ = {
			isa = XCBuildConfiguration;
			baseConfigurationReference = B4FC5F0344C34E429470F492 /* Pods.xcconfig */;
			buildSettings = {
				ASSETCATALOG_COMPILER_APPICON_NAME = AppIcon;
				ASSETCATALOG_COMPILER_LAUNCHIMAGE_NAME = LaunchImage;
				GCC_PRECOMPILE_PREFIX_HEADER = YES;
				GCC_PREFIX_HEADER = "Staunton/Staunton-Prefix.pch";
				INFOPLIST_FILE = "Staunton/Staunton-Info.plist";
				PRODUCT_NAME = "$(TARGET_NAME)";
				WRAPPER_EXTENSION = app;
			};
			name = Debug;
		};
		3F0A13EC19A375F400D98CC7 /* Release */ = {
			isa = XCBuildConfiguration;
			baseConfigurationReference = B4FC5F0344C34E429470F492 /* Pods.xcconfig */;
			buildSettings = {
				ASSETCATALOG_COMPILER_APPICON_NAME = AppIcon;
				ASSETCATALOG_COMPILER_LAUNCHIMAGE_NAME = LaunchImage;
				GCC_PRECOMPILE_PREFIX_HEADER = YES;
				GCC_PREFIX_HEADER = "Staunton/Staunton-Prefix.pch";
				INFOPLIST_FILE = "Staunton/Staunton-Info.plist";
				PRODUCT_NAME = "$(TARGET_NAME)";
				WRAPPER_EXTENSION = app;
			};
			name = Release;
		};
		3F0A13EE19A375F400D98CC7 /* Debug */ = {
			isa = XCBuildConfiguration;
			buildSettings = {
				BUNDLE_LOADER = "$(BUILT_PRODUCTS_DIR)/Staunton.app/Staunton";
				FRAMEWORK_SEARCH_PATHS = (
					"$(SDKROOT)/Developer/Library/Frameworks",
					"$(inherited)",
					"$(DEVELOPER_FRAMEWORKS_DIR)",
				);
				GCC_PRECOMPILE_PREFIX_HEADER = YES;
				GCC_PREFIX_HEADER = "Staunton/Staunton-Prefix.pch";
				GCC_PREPROCESSOR_DEFINITIONS = (
					"DEBUG=1",
					"$(inherited)",
				);
				INFOPLIST_FILE = "StauntonTests/StauntonTests-Info.plist";
				PRODUCT_NAME = "$(TARGET_NAME)";
				TEST_HOST = "$(BUNDLE_LOADER)";
				WRAPPER_EXTENSION = xctest;
			};
			name = Debug;
		};
		3F0A13EF19A375F400D98CC7 /* Release */ = {
			isa = XCBuildConfiguration;
			buildSettings = {
				BUNDLE_LOADER = "$(BUILT_PRODUCTS_DIR)/Staunton.app/Staunton";
				FRAMEWORK_SEARCH_PATHS = (
					"$(SDKROOT)/Developer/Library/Frameworks",
					"$(inherited)",
					"$(DEVELOPER_FRAMEWORKS_DIR)",
				);
				GCC_PRECOMPILE_PREFIX_HEADER = YES;
				GCC_PREFIX_HEADER = "Staunton/Staunton-Prefix.pch";
				INFOPLIST_FILE = "StauntonTests/StauntonTests-Info.plist";
				PRODUCT_NAME = "$(TARGET_NAME)";
				TEST_HOST = "$(BUNDLE_LOADER)";
				WRAPPER_EXTENSION = xctest;
			};
			name = Release;
		};
/* End XCBuildConfiguration section */

/* Begin XCConfigurationList section */
		3F0A13B919A375F400D98CC7 /* Build configuration list for PBXProject "Staunton" */ = {
			isa = XCConfigurationList;
			buildConfigurations = (
				3F0A13E819A375F400D98CC7 /* Debug */,
				3F0A13E919A375F400D98CC7 /* Release */,
			);
			defaultConfigurationIsVisible = 0;
			defaultConfigurationName = Release;
		};
		3F0A13EA19A375F400D98CC7 /* Build configuration list for PBXNativeTarget "Staunton" */ = {
			isa = XCConfigurationList;
			buildConfigurations = (
				3F0A13EB19A375F400D98CC7 /* Debug */,
				3F0A13EC19A375F400D98CC7 /* Release */,
			);
			defaultConfigurationIsVisible = 0;
			defaultConfigurationName = Release;
		};
		3F0A13ED19A375F400D98CC7 /* Build configuration list for PBXNativeTarget "StauntonTests" */ = {
			isa = XCConfigurationList;
			buildConfigurations = (
				3F0A13EE19A375F400D98CC7 /* Debug */,
				3F0A13EF19A375F400D98CC7 /* Release */,
			);
			defaultConfigurationIsVisible = 0;
			defaultConfigurationName = Release;
		};
/* End XCConfigurationList section */
	};
	rootObject = 3F0A13B619A375F400D98CC7 /* Project object */;
}
